
Microsoft Visual Studio Solution File, Format Version 12.00
# Visual Studio 15
VisualStudioVersion = 15.0.28307.779
MinimumVisualStudioVersion = 10.0.40219.1
Project("{FAE04EC0-301F-11D3-BF4B-00C04F79EFBC}") = "FibonacciIndex", "FibonacciIndex\FibonacciIndex.csproj", "{833F0808-CB4D-4E04-9FAE-F73ECA232561}"
EndProject
Global
	GlobalSection(SolutionConfigurationPlatforms) = preSolution
		Debug|Any CPU = Debug|Any CPU
		Release|Any CPU = Release|Any CPU
	EndGlobalSection
	GlobalSection(ProjectConfigurationPlatforms) = postSolution
		{833F0808-CB4D-4E04-9FAE-F73ECA232561}.Debug|Any CPU.ActiveCfg = Debug|Any CPU
		{833F0808-CB4D-4E04-9FAE-F73ECA232561}.Debug|Any CPU.Build.0 = Debug|Any CPU
		{833F0808-CB4D-4E04-9FAE-F73ECA232561}.Release|Any CPU.ActiveCfg = Release|Any CPU
		{833F0808-CB4D-4E04-9FAE-F73ECA232561}.Release|Any CPU.Build.0 = Release|Any CPU
	EndGlobalSection
	GlobalSection(SolutionProperties) = preSolution
		HideSolutionNode = FALSE
	EndGlobalSection
	GlobalSection(ExtensibilityGlobals) = postSolution
		SolutionGuid = {6F71A528-557F-48C9-B75B-E66260ED43AF}
	EndGlobalSection
EndGlobal
